
Microsoft Visual Studio Solution File, Format Version 12.00
# Visual Studio Version 16
VisualStudioVersion = 16.0.30204.135
MinimumVisualStudioVersion = 10.0.40219.1
Project("{FAE04EC0-301F-11D3-BF4B-00C04F79EFBC}") = "Pole", "Pole\Pole.csproj", "{E26C982A-CD9C-4F23-8A1C-F138B729C073}"
EndProject
Global
	GlobalSection(SolutionConfigurationPlatforms) = preSolution
		Debug|Any CPU = Debug|Any CPU
		Release|Any CPU = Release|Any CPU
	EndGlobalSection
	GlobalSection(ProjectConfigurationPlatforms) = postSolution
		{E26C982A-CD9C-4F23-8A1C-F138B729C073}.Debug|Any CPU.ActiveCfg = Debug|Any CPU
		{E26C982A-CD9C-4F23-8A1C-F138B729C073}.Debug|Any CPU.Build.0 = Debug|Any CPU
		{E26C982A-CD9C-4F23-8A1C-F138B729C073}.Release|Any CPU.ActiveCfg = Release|Any CPU
		{E26C982A-CD9C-4F23-8A1C-F138B729C073}.Release|Any CPU.Build.0 = Release|Any CPU
	EndGlobalSection
	GlobalSection(SolutionProperties) = preSolution
		HideSolutionNode = FALSE
	EndGlobalSection
	GlobalSection(ExtensibilityGlobals) = postSolution
		SolutionGuid = {2FD073C8-918B-490F-8DA8-32BF39CE1FCF}
	EndGlobalSection
EndGlobal
